{
    "name": "solution",
    "version": "1.0.0",
    "lockfileVersion": 3,
    "requires": true,
    "packages": {
        "": {
            "name": "solution",
            "version": "1.0.0",
            "license": "ISC",
            "dependencies": {
                "openai": "^7.28.0"
            }
        },
        "node_modules/openai": {
            "version": "7.28.0",
            "resolved": "https://registry.npmjs.org/openai/-/openai-7.28.0.tgz",
            "integrity": "sha512-HSY4fFLflQGYe2kvO0atm6/GzhD61gpyiOZZUvO4nptMUhuB1to2K3wwFpFqc5gfEK0SxyIIFiu1yE2MtygWcA==",
            "license": "Apache-2.0",
            "engines": {
                "node": ">=22.0.0"
            },
            "peerDependencies": {
                "@aws-sdk/credential-provider-node": ">=3.972.0 <4",
                "@smithy/hash-node": ">=4.3.0 <5",
                "@smithy/signature-v4": ">=5.4.0 <6",
                "undici": ">=5 <9",
                "ws": "^8.21.0",
                "zod": "^3.25 || ^4.0"
            },
            "peerDependenciesMeta": {
                "@aws-sdk/credential-provider-node": {
                    "optional": true
                },
                "@smithy/hash-node": {
                    "optional": true
                },
                "@smithy/signature-v4": {
                    "optional": true
                },
                "undici": {
                    "optional": true
                },
                "ws": {
                    "optional": true
                },
                "zod": {
                    "optional": true
                }
            }
        }
    }
}
